
Microsoft Visual Studio Solution File, Format Version 12.00
# Visual Studio Version 16
VisualStudioVersion = 16.0.30503.244
MinimumVisualStudioVersion = 10.0.40219.1
Project("{2150E333-8FDC-42A3-9474-1A3956D46DE8}") = "src", "src", "{807A6A4E-6D4C-41B3-93EA-14A3CACAF0C4}"
EndProject
Project("{2150E333-8FDC-42A3-9474-1A3956D46DE8}") = "Building Blocks", "Building Blocks", "{FDF604ED-5E21-4F96-9C1B-5FD994610E91}"
EndProject
Project("{2150E333-8FDC-42A3-9474-1A3956D46DE8}") = "Service", "Service", "{0C25EDE0-4C59-4659-A812-555D6BF9E3FA}"
EndProject
Project("{2150E333-8FDC-42A3-9474-1A3956D46DE8}") = "Web", "Web", "{2798B80B-A525-4DD6-8714-A1CB7F5E5D5B}"
EndProject
Project("{2150E333-8FDC-42A3-9474-1A3956D46DE8}") = "Identidade", "Identidade", "{0D20DEE0-C015-4D1E-8113-8FB99F3C7D2F}"
EndProject
Project("{FAE04EC0-301F-11D3-BF4B-00C04F79EFBC}") = "NSE.Identidade.API", "src\services\NSE.Identidade.API\NSE.Identidade.API.csproj", "{93B27331-DFD6-4300-AF58-BF365F65C743}"
EndProject
Project("{2150E333-8FDC-42A3-9474-1A3956D46DE8}") = "Mvc", "Mvc", "{37175BD4-7E0A-4F96-A08C-9AEE5075FC6A}"
EndProject
Project("{FAE04EC0-301F-11D3-BF4B-00C04F79EFBC}") = "NSE.WebApp.MVC", "src\web\NSE.WebApp.MVC\NSE.WebApp.MVC.csproj", "{BFD5D8CE-FCD0-4002-8A5C-FCF2B34CF2F5}"
EndProject
Project("{2150E333-8FDC-42A3-9474-1A3956D46DE8}") = "Core", "Core", "{E0E7A7AE-3D3A-470E-9ED0-3FE4F4110B30}"
EndProject
Project("{FAE04EC0-301F-11D3-BF4B-00C04F79EFBC}") = "NSE.Core", "src\building blocks\NSE.Core\NSE.Core.csproj", "{6265C012-A63B-40F0-9F35-49836DE8FD2D}"
EndProject
Project("{2150E333-8FDC-42A3-9474-1A3956D46DE8}") = "Carinho", "Carinho", "{35E79C01-1FB3-4C6E-BFE0-2B90685C3A85}"
EndProject
Project("{FAE04EC0-301F-11D3-BF4B-00C04F79EFBC}") = "NSE.Carinho.API", "src\services\NSE.Carinho.API\NSE.Carinho.API.csproj", "{AFBEA51F-0517-4C51-8E1F-83FCBD2C8C07}"
EndProject
Project("{2150E333-8FDC-42A3-9474-1A3956D46DE8}") = "Catalogo", "Catalogo", "{AF6D3CC8-60DD-497D-AC71-639D43C2B9F8}"
EndProject
Project("{FAE04EC0-301F-11D3-BF4B-00C04F79EFBC}") = "NSE.Catalogo.API", "src\services\NSE.Catalogo.API\NSE.Catalogo.API.csproj", "{742BC614-509C-4AAB-9B69-2850214D3E17}"
EndProject
Project("{2150E333-8FDC-42A3-9474-1A3956D46DE8}") = "Cliente", "Cliente", "{3E0D2F98-DE24-4A96-9201-E0065628E29D}"
EndProject
Project("{FAE04EC0-301F-11D3-BF4B-00C04F79EFBC}") = "NSE.Cliente.API", "src\services\NSE.Cliente.API\NSE.Cliente.API.csproj", "{A941572D-2F64-4087-AA14-54752DD600F5}"
EndProject
Project("{2150E333-8FDC-42A3-9474-1A3956D46DE8}") = "Pagamento", "Pagamento", "{D4280B06-E8E4-4FDF-A321-0F6D49059410}"
EndProject
Project("{FAE04EC0-301F-11D3-BF4B-00C04F79EFBC}") = "NSE.Pagamento.API", "src\services\NSE.Pagamento.API\NSE.Pagamento.API.csproj", "{CDE8DDA6-7FE5-42AA-A5DC-D7AEABCE9E61}"
EndProject
Project("{2150E333-8FDC-42A3-9474-1A3956D46DE8}") = "Pedido", "Pedido", "{D26EB059-9183-4E08-B5FA-A644D5E37541}"
EndProject
Project("{FAE04EC0-301F-11D3-BF4B-00C04F79EFBC}") = "NSE.Pedido.API", "src\services\NSE.Pedido.API\NSE.Pedido.API.csproj", "{9D119BD0-606F-4121-A587-265D2E2D57F6}"
EndProject
Global
	GlobalSection(SolutionConfigurationPlatforms) = preSolution
		Debug|Any CPU = Debug|Any CPU
		Release|Any CPU = Release|Any CPU
	EndGlobalSection
	GlobalSection(ProjectConfigurationPlatforms) = postSolution
		{93B27331-DFD6-4300-AF58-BF365F65C743}.Debug|Any CPU.ActiveCfg = Debug|Any CPU
		{93B27331-DFD6-4300-AF58-BF365F65C743}.Debug|Any CPU.Build.0 = Debug|Any CPU
		{93B27331-DFD6-4300-AF58-BF365F65C743}.Release|Any CPU.ActiveCfg = Release|Any CPU
		{93B27331-DFD6-4300-AF58-BF365F65C743}.Release|Any CPU.Build.0 = Release|Any CPU
		{BFD5D8CE-FCD0-4002-8A5C-FCF2B34CF2F5}.Debug|Any CPU.ActiveCfg = Debug|Any CPU
		{BFD5D8CE-FCD0-4002-8A5C-FCF2B34CF2F5}.Debug|Any CPU.Build.0 = Debug|Any CPU
		{BFD5D8CE-FCD0-4002-8A5C-FCF2B34CF2F5}.Release|Any CPU.ActiveCfg = Release|Any CPU
		{BFD5D8CE-FCD0-4002-8A5C-FCF2B34CF2F5}.Release|Any CPU.Build.0 = Release|Any CPU
		{6265C012-A63B-40F0-9F35-49836DE8FD2D}.Debug|Any CPU.ActiveCfg = Debug|Any CPU
		{6265C012-A63B-40F0-9F35-49836DE8FD2D}.Debug|Any CPU.Build.0 = Debug|Any CPU
		{6265C012-A63B-40F0-9F35-49836DE8FD2D}.Release|Any CPU.ActiveCfg = Release|Any CPU
		{6265C012-A63B-40F0-9F35-49836DE8FD2D}.Release|Any CPU.Build.0 = Release|Any CPU
		{AFBEA51F-0517-4C51-8E1F-83FCBD2C8C07}.Debug|Any CPU.ActiveCfg = Debug|Any CPU
		{AFBEA51F-0517-4C51-8E1F-83FCBD2C8C07}.Debug|Any CPU.Build.0 = Debug|Any CPU
		{AFBEA51F-0517-4C51-8E1F-83FCBD2C8C07}.Release|Any CPU.ActiveCfg = Release|Any CPU
		{AFBEA51F-0517-4C51-8E1F-83FCBD2C8C07}.Release|Any CPU.Build.0 = Release|Any CPU
		{742BC614-509C-4AAB-9B69-2850214D3E17}.Debug|Any CPU.ActiveCfg = Debug|Any CPU
		{742BC614-509C-4AAB-9B69-2850214D3E17}.Debug|Any CPU.Build.0 = Debug|Any CPU
		{742BC614-509C-4AAB-9B69-2850214D3E17}.Release|Any CPU.ActiveCfg = Release|Any CPU
		{742BC614-509C-4AAB-9B69-2850214D3E17}.Release|Any CPU.Build.0 = Release|Any CPU
		{A941572D-2F64-4087-AA14-54752DD600F5}.Debug|Any CPU.ActiveCfg = Debug|Any CPU
		{A941572D-2F64-4087-AA14-54752DD600F5}.Debug|Any CPU.Build.0 = Debug|Any CPU
		{A941572D-2F64-4087-AA14-54752DD600F5}.Release|Any CPU.ActiveCfg = Release|Any CPU
		{A941572D-2F64-4087-AA14-54752DD600F5}.Release|Any CPU.Build.0 = Release|Any CPU
		{CDE8DDA6-7FE5-42AA-A5DC-D7AEABCE9E61}.Debug|Any CPU.ActiveCfg = Debug|Any CPU
		{CDE8DDA6-7FE5-42AA-A5DC-D7AEABCE9E61}.Debug|Any CPU.Build.0 = Debug|Any CPU
		{CDE8DDA6-7FE5-42AA-A5DC-D7AEABCE9E61}.Release|Any CPU.ActiveCfg = Release|Any CPU
		{CDE8DDA6-7FE5-42AA-A5DC-D7AEABCE9E61}.Release|Any CPU.Build.0 = Release|Any CPU
		{9D119BD0-606F-4121-A587-265D2E2D57F6}.Debug|Any CPU.ActiveCfg = Debug|Any CPU
		{9D119BD0-606F-4121-A587-265D2E2D57F6}.Debug|Any CPU.Build.0 = Debug|Any CPU
		{9D119BD0-606F-4121-A587-265D2E2D57F6}.Release|Any CPU.ActiveCfg = Release|Any CPU
		{9D119BD0-606F-4121-A587-265D2E2D57F6}.Release|Any CPU.Build.0 = Release|Any CPU
	EndGlobalSection
	GlobalSection(SolutionProperties) = preSolution
		HideSolutionNode = FALSE
	EndGlobalSection
	GlobalSection(NestedProjects) = preSolution
		{FDF604ED-5E21-4F96-9C1B-5FD994610E91} = {807A6A4E-6D4C-41B3-93EA-14A3CACAF0C4}
		{0C25EDE0-4C59-4659-A812-555D6BF9E3FA} = {807A6A4E-6D4C-41B3-93EA-14A3CACAF0C4}
		{2798B80B-A525-4DD6-8714-A1CB7F5E5D5B} = {807A6A4E-6D4C-41B3-93EA-14A3CACAF0C4}
		{0D20DEE0-C015-4D1E-8113-8FB99F3C7D2F} = {0C25EDE0-4C59-4659-A812-555D6BF9E3FA}
		{93B27331-DFD6-4300-AF58-BF365F65C743} = {0D20DEE0-C015-4D1E-8113-8FB99F3C7D2F}
		{37175BD4-7E0A-4F96-A08C-9AEE5075FC6A} = {2798B80B-A525-4DD6-8714-A1CB7F5E5D5B}
		{BFD5D8CE-FCD0-4002-8A5C-FCF2B34CF2F5} = {37175BD4-7E0A-4F96-A08C-9AEE5075FC6A}
		{E0E7A7AE-3D3A-470E-9ED0-3FE4F4110B30} = {FDF604ED-5E21-4F96-9C1B-5FD994610E91}
		{6265C012-A63B-40F0-9F35-49836DE8FD2D} = {E0E7A7AE-3D3A-470E-9ED0-3FE4F4110B30}
		{35E79C01-1FB3-4C6E-BFE0-2B90685C3A85} = {0C25EDE0-4C59-4659-A812-555D6BF9E3FA}
		{AFBEA51F-0517-4C51-8E1F-83FCBD2C8C07} = {35E79C01-1FB3-4C6E-BFE0-2B90685C3A85}
		{AF6D3CC8-60DD-497D-AC71-639D43C2B9F8} = {0C25EDE0-4C59-4659-A812-555D6BF9E3FA}
		{742BC614-509C-4AAB-9B69-2850214D3E17} = {AF6D3CC8-60DD-497D-AC71-639D43C2B9F8}
		{3E0D2F98-DE24-4A96-9201-E0065628E29D} = {0C25EDE0-4C59-4659-A812-555D6BF9E3FA}
		{A941572D-2F64-4087-AA14-54752DD600F5} = {3E0D2F98-DE24-4A96-9201-E0065628E29D}
		{D4280B06-E8E4-4FDF-A321-0F6D49059410} = {0C25EDE0-4C59-4659-A812-555D6BF9E3FA}
		{CDE8DDA6-7FE5-42AA-A5DC-D7AEABCE9E61} = {D4280B06-E8E4-4FDF-A321-0F6D49059410}
		{D26EB059-9183-4E08-B5FA-A644D5E37541} = {0C25EDE0-4C59-4659-A812-555D6BF9E3FA}
		{9D119BD0-606F-4121-A587-265D2E2D57F6} = {D26EB059-9183-4E08-B5FA-A644D5E37541}
	EndGlobalSection
	GlobalSection(ExtensibilityGlobals) = postSolution
		SolutionGuid = {63FBB8C6-7B8B-477B-92E8-0C57A7FBF9CC}
	EndGlobalSection
EndGlobal
